
Microsoft Visual Studio Solution File, Format Version 12.00
# Visual Studio Version 16
VisualStudioVersion = 16.0.29424.173
MinimumVisualStudioVersion = 10.0.40219.1
Project("{9A19103F-16F7-4668-BE54-9A1E7A4F7556}") = "OCR-SignalR", "OCR-SignalR\OCR-SignalR.csproj", "{38D64784-017B-4191-9392-1841C4CBE5DB}"
EndProject
Project("{9A19103F-16F7-4668-BE54-9A1E7A4F7556}") = "TCIS-SSC-RCMS.Commons", "..\tcis-ssc-rcms.common\src\TCIS-SSC-RCMS.Commons\TCIS-SSC-RCMS.Commons.csproj", "{78E4D432-AE10-4911-A0CB-FF5A9C2A52E0}"
EndProject
Global
	GlobalSection(SolutionConfigurationPlatforms) = preSolution
		Debug|Any CPU = Debug|Any CPU
		Release|Any CPU = Release|Any CPU
	EndGlobalSection
	GlobalSection(ProjectConfigurationPlatforms) = postSolution
		{38D64784-017B-4191-9392-1841C4CBE5DB}.Debug|Any CPU.ActiveCfg = Debug|Any CPU
		{38D64784-017B-4191-9392-1841C4CBE5DB}.Debug|Any CPU.Build.0 = Debug|Any CPU
		{38D64784-017B-4191-9392-1841C4CBE5DB}.Release|Any CPU.ActiveCfg = Release|Any CPU
		{38D64784-017B-4191-9392-1841C4CBE5DB}.Release|Any CPU.Build.0 = Release|Any CPU
		{78E4D432-AE10-4911-A0CB-FF5A9C2A52E0}.Debug|Any CPU.ActiveCfg = Debug|Any CPU
		{78E4D432-AE10-4911-A0CB-FF5A9C2A52E0}.Debug|Any CPU.Build.0 = Debug|Any CPU
		{78E4D432-AE10-4911-A0CB-FF5A9C2A52E0}.Release|Any CPU.ActiveCfg = Release|Any CPU
		{78E4D432-AE10-4911-A0CB-FF5A9C2A52E0}.Release|Any CPU.Build.0 = Release|Any CPU
	EndGlobalSection
	GlobalSection(SolutionProperties) = preSolution
		HideSolutionNode = FALSE
	EndGlobalSection
	GlobalSection(ExtensibilityGlobals) = postSolution
		SolutionGuid = {F77DF8C3-8250-429B-A83F-B975BD83E3BA}
	EndGlobalSection
EndGlobal
